{
  "object": {
    "pins": [
      {
        "package": "console-kit",
        "repositoryURL": "https://github.com/vapor/console-kit.git",
        "state": {
          "branch": null,
          "revision": "a7e67a1719933318b5ab7eaaed355cde020465b1",
          "version": "4.5.0"
        }
      },
      {
        "package": "CUtility",
        "repositoryURL": "https://github.com/kojirou1994/CUtility.git",
        "state": {
          "branch": null,
          "revision": "863541d18eefca052239f51af65ae44f5df4dcb7",
          "version": "0.1.12"
        }
      },
      {
        "package": "Executable",
        "repositoryURL": "https://github.com/kojirou1994/Executable.git",
        "state": {
          "branch": null,
          "revision": "9ba0aabcb4789c85d7f5d699ade3193246eaf81c",
          "version": "0.5.2"
        }
      },
      {
        "package": "Kwift",
        "repositoryURL": "https://github.com/kojirou1994/Kwift.git",
        "state": {
          "branch": null,
          "revision": "9261a1508b935fe574c2aff29ffc4bbca7a034e8",
          "version": "1.0.1"
        }
      },
      {
        "package": "Precondition",
        "repositoryURL": "https://github.com/kojirou1994/Precondition.git",
        "state": {
          "branch": null,
          "revision": "8bfd454560f5bfafe9bf0db3e929ef65ba189400",
          "version": "1.0.0"
        }
      },
      {
        "package": "PrettyBytes",
        "repositoryURL": "https://github.com/kojirou1994/PrettyBytes.git",
        "state": {
          "branch": null,
          "revision": "be137c20bafe9e215b7ece821fb9ac71f7636ae8",
          "version": "0.0.1"
        }
      },
      {
        "package": "swift-algorithms",
        "repositoryURL": "https://github.com/apple/swift-algorithms.git",
        "state": {
          "branch": null,
          "revision": "b14b7f4c528c942f121c8b860b9410b2bf57825e",
          "version": "1.0.0"
        }
      },
      {
        "package": "swift-argument-parser",
        "repositoryURL": "https://github.com/apple/swift-argument-parser.git",
        "state": {
          "branch": null,
          "revision": "9f39744e025c7d377987f30b03770805dcb0bcd1",
          "version": "1.1.4"
        }
      },
      {
        "package": "swift-crypto",
        "repositoryURL": "https://github.com/apple/swift-crypto.git",
        "state": {
          "branch": null,
          "revision": "ddb07e896a2a8af79512543b1c7eb9797f8898a5",
          "version": "1.1.7"
        }
      },
      {
        "package": "swift-log",
        "repositoryURL": "https://github.com/apple/swift-log.git",
        "state": {
          "branch": null,
          "revision": "6fe203dc33195667ce1759bf0182975e4653ba1c",
          "version": "1.4.4"
        }
      },
      {
        "package": "swift-numerics",
        "repositoryURL": "https://github.com/apple/swift-numerics",
        "state": {
          "branch": null,
          "revision": "0a5bc04095a675662cf24757cc0640aa2204253b",
          "version": "1.0.2"
        }
      },
      {
        "package": "swift-system",
        "repositoryURL": "https://github.com/apple/swift-system.git",
        "state": {
          "branch": null,
          "revision": "836bc4557b74fe6d2660218d56e3ce96aff76574",
          "version": "1.1.1"
        }
      },
      {
        "package": "swift-tools-support-core",
        "repositoryURL": "https://github.com/apple/swift-tools-support-core.git",
        "state": {
          "branch": null,
          "revision": "0b77e67c484e532444ceeab60119b8536f8cd648",
          "version": "0.3.0"
        }
      },
      {
        "package": "SyscallValue",
        "repositoryURL": "https://github.com/kojirou1994/SyscallValue.git",
        "state": {
          "branch": null,
          "revision": "a2576782e2f360a9a28ed7b4378d68109b443fd9",
          "version": "0.0.1"
        }
      },
      {
        "package": "SystemUp",
        "repositoryURL": "https://github.com/kojirou1994/SystemUp.git",
        "state": {
          "branch": null,
          "revision": "36ec15b49425a4280fb8cf858944b3b26ce96fbc",
          "version": "0.0.2"
        }
      },
      {
        "package": "URLFileManager",
        "repositoryURL": "https://github.com/kojirou1994/URLFileManager.git",
        "state": {
          "branch": null,
          "revision": "3472bc7e7b047429fcb1d128467ca5e675ecae72",
          "version": "0.1.4"
        }
      },
      {
        "package": "yyjson",
        "repositoryURL": "https://github.com/ibireme/yyjson.git",
        "state": {
          "branch": null,
          "revision": "c3856514de0a67d7b66939bf3ed491a2d6e61277",
          "version": "0.5.1"
        }
      },
      {
        "package": "YYJSONEncoder",
        "repositoryURL": "https://github.com/kojirou1994/YYJSONEncoder.git",
        "state": {
          "branch": "main",
          "revision": "9afe9efe07a8b0912f0d26a41159170bed79932f",
          "version": null
        }
      }
    ]
  },
  "version": 1
}
