{
  "object": {
    "pins": [
      {
        "package": "console-kit",
        "repositoryURL": "https://github.com/vapor/console-kit.git",
        "state": {
          "branch": null,
          "revision": "447f1046fb4e9df40973fe426ecb24a6f0e8d3b4",
          "version": "4.6.0"
        }
      },
      {
        "package": "CUtility",
        "repositoryURL": "https://github.com/kojirou1994/CUtility.git",
        "state": {
          "branch": null,
          "revision": "c9ed36fff94696294bf08c4bc38309097669f590",
          "version": "0.2.1"
        }
      },
      {
        "package": "Executable",
        "repositoryURL": "https://github.com/kojirou1994/Executable.git",
        "state": {
          "branch": null,
          "revision": "9ba0aabcb4789c85d7f5d699ade3193246eaf81c",
          "version": "0.5.2"
        }
      },
      {
        "package": "Kwift",
        "repositoryURL": "https://github.com/kojirou1994/Kwift.git",
        "state": {
          "branch": null,
          "revision": "9261a1508b935fe574c2aff29ffc4bbca7a034e8",
          "version": "1.0.1"
        }
      },
      {
        "package": "Precondition",
        "repositoryURL": "https://github.com/kojirou1994/Precondition.git",
        "state": {
          "branch": null,
          "revision": "8bfd454560f5bfafe9bf0db3e929ef65ba189400",
          "version": "1.0.0"
        }
      },
      {
        "package": "PrettyBytes",
        "repositoryURL": "https://github.com/kojirou1994/PrettyBytes.git",
        "state": {
          "branch": null,
          "revision": "be137c20bafe9e215b7ece821fb9ac71f7636ae8",
          "version": "0.0.1"
        }
      },
      {
        "package": "swift-algorithms",
        "repositoryURL": "https://github.com/apple/swift-algorithms.git",
        "state": {
          "branch": null,
          "revision": "b14b7f4c528c942f121c8b860b9410b2bf57825e",
          "version": "1.0.0"
        }
      },
      {
        "package": "swift-argument-parser",
        "repositoryURL": "https://github.com/apple/swift-argument-parser.git",
        "state": {
          "branch": null,
          "revision": "4ad606ba5d7673ea60679a61ff867cc1ff8c8e86",
          "version": "1.2.1"
        }
      },
      {
        "package": "swift-crypto",
        "repositoryURL": "https://github.com/apple/swift-crypto.git",
        "state": {
          "branch": null,
          "revision": "ddb07e896a2a8af79512543b1c7eb9797f8898a5",
          "version": "1.1.7"
        }
      },
      {
        "package": "swift-log",
        "repositoryURL": "https://github.com/apple/swift-log.git",
        "state": {
          "branch": null,
          "revision": "32e8d724467f8fe623624570367e3d50c5638e46",
          "version": "1.5.2"
        }
      },
      {
        "package": "swift-numerics",
        "repositoryURL": "https://github.com/apple/swift-numerics",
        "state": {
          "branch": null,
          "revision": "0a5bc04095a675662cf24757cc0640aa2204253b",
          "version": "1.0.2"
        }
      },
      {
        "package": "swift-system",
        "repositoryURL": "https://github.com/apple/swift-system.git",
        "state": {
          "branch": null,
          "revision": "836bc4557b74fe6d2660218d56e3ce96aff76574",
          "version": "1.1.1"
        }
      },
      {
        "package": "swift-tools-support-core",
        "repositoryURL": "https://github.com/apple/swift-tools-support-core.git",
        "state": {
          "branch": null,
          "revision": "284a41800b7c5565512ec6ae21ee818aac1f84ac",
          "version": "0.4.0"
        }
      },
      {
        "package": "SyscallValue",
        "repositoryURL": "https://github.com/kojirou1994/SyscallValue.git",
        "state": {
          "branch": null,
          "revision": "a2576782e2f360a9a28ed7b4378d68109b443fd9",
          "version": "0.0.1"
        }
      },
      {
        "package": "SystemUp",
        "repositoryURL": "https://github.com/kojirou1994/SystemUp.git",
        "state": {
          "branch": null,
          "revision": "31f8b256243fb4f6d3826e2fc72ae6d140a6459d",
          "version": "0.2.3"
        }
      },
      {
        "package": "URLFileManager",
        "repositoryURL": "https://github.com/kojirou1994/URLFileManager.git",
        "state": {
          "branch": null,
          "revision": "3472bc7e7b047429fcb1d128467ca5e675ecae72",
          "version": "0.1.4"
        }
      },
      {
        "package": "yyjson",
        "repositoryURL": "https://github.com/ibireme/yyjson.git",
        "state": {
          "branch": null,
          "revision": "7b210d66cb73536f351e8a82a63508bc77bffd20",
          "version": "0.6.0"
        }
      },
      {
        "package": "YYJSONEncoder",
        "repositoryURL": "https://github.com/kojirou1994/YYJSONEncoder.git",
        "state": {
          "branch": null,
          "revision": "7be0fcc0a39bc91fe11efb7ff54a1909e673e704",
          "version": "0.1.1"
        }
      }
    ]
  },
  "version": 1
}
