{
  "object": {
    "pins": [
      {
        "package": "Executable",
        "repositoryURL": "https://github.com/kojirou1994/Executable.git",
        "state": {
          "branch": null,
          "revision": "535d6b9ae5f7264dd3969b707858e1c9057351a9",
          "version": "0.4.2"
        }
      },
      {
        "package": "Kwift",
        "repositoryURL": "https://github.com/kojirou1994/Kwift.git",
        "state": {
          "branch": null,
          "revision": "96def044db6d0793825c47161ba0b7925974ef9f",
          "version": "0.8.7"
        }
      },
      {
        "package": "swift-argument-parser",
        "repositoryURL": "https://github.com/apple/swift-argument-parser",
        "state": {
          "branch": null,
          "revision": "831ed5e860a70e745bc1337830af4786b2576881",
          "version": "0.4.1"
        }
      },
      {
        "package": "swift-crypto",
        "repositoryURL": "https://github.com/apple/swift-crypto.git",
        "state": {
          "branch": null,
          "revision": "3bea268b223651c4ab7b7b9ad62ef9b2d4143eb6",
          "version": "1.1.6"
        }
      },
      {
        "package": "swift-log",
        "repositoryURL": "https://github.com/apple/swift-log.git",
        "state": {
          "branch": null,
          "revision": "5d66f7ba25daf4f94100e7022febf3c75e37a6c7",
          "version": "1.4.2"
        }
      },
      {
        "package": "swift-tools-support-core",
        "repositoryURL": "https://github.com/apple/swift-tools-support-core.git",
        "state": {
          "branch": null,
          "revision": "616073f64e13340576005db4186a0246705e4999",
          "version": "0.2.1"
        }
      },
      {
        "package": "URLFileManager",
        "repositoryURL": "https://github.com/kojirou1994/URLFileManager.git",
        "state": {
          "branch": null,
          "revision": "0e14b98abcd39ab0f2da51c44ee4a0cd7add2966",
          "version": "0.1.2"
        }
      },
      {
        "package": "Version",
        "repositoryURL": "https://github.com/mxcl/Version.git",
        "state": {
          "branch": null,
          "revision": "a94b48f36763c05629fc102837398505032dead9",
          "version": "2.0.0"
        }
      }
    ]
  },
  "version": 1
}
